// !$*UTF8*$!
{
	archiveVersion = 1;
	classes = {
	};
	objectVersion = 50;
	objects = {

/* Begin PBXBuildFile section */
		04B946EA289F967E00BF5CFE /* AppDelegate.swift in Sources */ = {isa = PBXBuildFile; fileRef = 04B946E9289F967E00BF5CFE /* AppDelegate.swift */; };
		04B946EC289F967E00BF5CFE /* SceneDelegate.swift in Sources */ = {isa = PBXBuildFile; fileRef = 04B946EB289F967E00BF5CFE /* SceneDelegate.swift */; };
		04B946EE289F967E00BF5CFE /* ViewController.swift in Sources */ = {isa = PBXBuildFile; fileRef = 04B946ED289F967E00BF5CFE /* ViewController.swift */; };
		04B946F1289F967E00BF5CFE /* Main.storyboard in Resources */ = {isa = PBXBuildFile; fileRef = 04B946EF289F967E00BF5CFE /* Main.storyboard */; };
		04B946F3289F967F00BF5CFE /* Assets.xcassets in Resources */ = {isa = PBXBuildFile; fileRef = 04B946F2289F967F00BF5CFE /* Assets.xcassets */; };
		04B946F6289F967F00BF5CFE /* LaunchScreen.storyboard in Resources */ = {isa = PBXBuildFile; fileRef = 04B946F4289F967F00BF5CFE /* LaunchScreen.storyboard */; };
		04B94706289F974C00BF5CFE /* SplashViewController.swift in Sources */ = {isa = PBXBuildFile; fileRef = 04B94704289F974C00BF5CFE /* SplashViewController.swift */; };
		04B94707289F974C00BF5CFE /* SplashViewController.xib in Resources */ = {isa = PBXBuildFile; fileRef = 04B94705289F974C00BF5CFE /* SplashViewController.xib */; };
		04B94717289FB6FD00BF5CFE /* HomeDetailPath.swift in Sources */ = {isa = PBXBuildFile; fileRef = 04B94716289FB6FD00BF5CFE /* HomeDetailPath.swift */; };
		04B9471B289FB72C00BF5CFE /* HomeDetailRepository.swift in Sources */ = {isa = PBXBuildFile; fileRef = 04B9471A289FB72C00BF5CFE /* HomeDetailRepository.swift */; };
		04B9471F289FB7BF00BF5CFE /* BaseRepository.swift in Sources */ = {isa = PBXBuildFile; fileRef = 04B9471E289FB7BF00BF5CFE /* BaseRepository.swift */; };
		04B94739289FC74400BF5CFE /* HomeResponse.swift in Sources */ = {isa = PBXBuildFile; fileRef = 04B94738289FC74400BF5CFE /* HomeResponse.swift */; };
		04B9473D289FC75400BF5CFE /* HomeParameter.swift in Sources */ = {isa = PBXBuildFile; fileRef = 04B9473C289FC75400BF5CFE /* HomeParameter.swift */; };
		04B94740289FC76100BF5CFE /* HomeEnum.swift in Sources */ = {isa = PBXBuildFile; fileRef = 04B9473F289FC76100BF5CFE /* HomeEnum.swift */; };
		04B94743289FC76A00BF5CFE /* HomeRequest.swift in Sources */ = {isa = PBXBuildFile; fileRef = 04B94742289FC76A00BF5CFE /* HomeRequest.swift */; };
		04B94746289FC78800BF5CFE /* Extension.swift in Sources */ = {isa = PBXBuildFile; fileRef = 04B94745289FC78800BF5CFE /* Extension.swift */; };
		04B94749289FC79100BF5CFE /* Manager.swift in Sources */ = {isa = PBXBuildFile; fileRef = 04B94748289FC79100BF5CFE /* Manager.swift */; };
		04B9474C289FC79C00BF5CFE /* CustomView.swift in Sources */ = {isa = PBXBuildFile; fileRef = 04B9474B289FC79C00BF5CFE /* CustomView.swift */; };
		04B94751289FC7D600BF5CFE /* TextColor.xcassets in Resources */ = {isa = PBXBuildFile; fileRef = 04B9474E289FC7D600BF5CFE /* TextColor.xcassets */; };
		04B94752289FC7D600BF5CFE /* Color.xcassets in Resources */ = {isa = PBXBuildFile; fileRef = 04B9474F289FC7D600BF5CFE /* Color.xcassets */; };
		04B94755289FC7E000BF5CFE /* Font.swift in Sources */ = {isa = PBXBuildFile; fileRef = 04B94754289FC7E000BF5CFE /* Font.swift */; };
/* End PBXBuildFile section */

/* Begin PBXFileReference section */
		04B946E6289F967E00BF5CFE /* POCForSetup.app */ = {isa = PBXFileReference; explicitFileType = wrapper.application; includeInIndex = 0; path = POCForSetup.app; sourceTree = BUILT_PRODUCTS_DIR; };
		04B946E9289F967E00BF5CFE /* AppDelegate.swift */ = {isa = PBXFileReference; lastKnownFileType = sourcecode.swift; path = AppDelegate.swift; sourceTree = "<group>"; };
		04B946EB289F967E00BF5CFE /* SceneDelegate.swift */ = {isa = PBXFileReference; lastKnownFileType = sourcecode.swift; path = SceneDelegate.swift; sourceTree = "<group>"; };
		04B946ED289F967E00BF5CFE /* ViewController.swift */ = {isa = PBXFileReference; lastKnownFileType = sourcecode.swift; path = ViewController.swift; sourceTree = "<group>"; };
		04B946F0289F967E00BF5CFE /* Base */ = {isa = PBXFileReference; lastKnownFileType = file.storyboard; name = Base; path = Base.lproj/Main.storyboard; sourceTree = "<group>"; };
		04B946F2289F967F00BF5CFE /* Assets.xcassets */ = {isa = PBXFileReference; lastKnownFileType = folder.assetcatalog; path = Assets.xcassets; sourceTree = "<group>"; };
		04B946F5289F967F00BF5CFE /* Base */ = {isa = PBXFileReference; lastKnownFileType = file.storyboard; name = Base; path = Base.lproj/LaunchScreen.storyboard; sourceTree = "<group>"; };
		04B946F7289F967F00BF5CFE /* Info.plist */ = {isa = PBXFileReference; lastKnownFileType = text.plist.xml; path = Info.plist; sourceTree = "<group>"; };
		04B94704289F974C00BF5CFE /* SplashViewController.swift */ = {isa = PBXFileReference; lastKnownFileType = sourcecode.swift; path = SplashViewController.swift; sourceTree = "<group>"; };
		04B94705289F974C00BF5CFE /* SplashViewController.xib */ = {isa = PBXFileReference; lastKnownFileType = file.xib; path = SplashViewController.xib; sourceTree = "<group>"; };
		04B94716289FB6FD00BF5CFE /* HomeDetailPath.swift */ = {isa = PBXFileReference; lastKnownFileType = sourcecode.swift; path = HomeDetailPath.swift; sourceTree = "<group>"; };
		04B9471A289FB72C00BF5CFE /* HomeDetailRepository.swift */ = {isa = PBXFileReference; lastKnownFileType = sourcecode.swift; path = HomeDetailRepository.swift; sourceTree = "<group>"; };
		04B9471E289FB7BF00BF5CFE /* BaseRepository.swift */ = {isa = PBXFileReference; lastKnownFileType = sourcecode.swift; path = BaseRepository.swift; sourceTree = "<group>"; };
		04B94738289FC74400BF5CFE /* HomeResponse.swift */ = {isa = PBXFileReference; lastKnownFileType = sourcecode.swift; path = HomeResponse.swift; sourceTree = "<group>"; };
		04B9473C289FC75400BF5CFE /* HomeParameter.swift */ = {isa = PBXFileReference; lastKnownFileType = sourcecode.swift; path = HomeParameter.swift; sourceTree = "<group>"; };
		04B9473F289FC76100BF5CFE /* HomeEnum.swift */ = {isa = PBXFileReference; lastKnownFileType = sourcecode.swift; path = HomeEnum.swift; sourceTree = "<group>"; };
		04B94742289FC76A00BF5CFE /* HomeRequest.swift */ = {isa = PBXFileReference; lastKnownFileType = sourcecode.swift; path = HomeRequest.swift; sourceTree = "<group>"; };
		04B94745289FC78800BF5CFE /* Extension.swift */ = {isa = PBXFileReference; lastKnownFileType = sourcecode.swift; path = Extension.swift; sourceTree = "<group>"; };
		04B94748289FC79100BF5CFE /* Manager.swift */ = {isa = PBXFileReference; lastKnownFileType = sourcecode.swift; path = Manager.swift; sourceTree = "<group>"; };
		04B9474B289FC79C00BF5CFE /* CustomView.swift */ = {isa = PBXFileReference; lastKnownFileType = sourcecode.swift; path = CustomView.swift; sourceTree = "<group>"; };
		04B9474E289FC7D600BF5CFE /* TextColor.xcassets */ = {isa = PBXFileReference; lastKnownFileType = folder.assetcatalog; path = TextColor.xcassets; sourceTree = "<group>"; };
		04B9474F289FC7D600BF5CFE /* Color.xcassets */ = {isa = PBXFileReference; lastKnownFileType = folder.assetcatalog; path = Color.xcassets; sourceTree = "<group>"; };
		04B94754289FC7E000BF5CFE /* Font.swift */ = {isa = PBXFileReference; lastKnownFileType = sourcecode.swift; path = Font.swift; sourceTree = "<group>"; };
/* End PBXFileReference section */

/* Begin PBXFrameworksBuildPhase section */
		04B946E3289F967E00BF5CFE /* Frameworks */ = {
			isa = PBXFrameworksBuildPhase;
			buildActionMask = 2147483647;
			files = (
			);
			runOnlyForDeploymentPostprocessing = 0;
		};
/* End PBXFrameworksBuildPhase section */

/* Begin PBXGroup section */
		04B946DD289F967E00BF5CFE = {
			isa = PBXGroup;
			children = (
				04B946E8289F967E00BF5CFE /* POCForSetup */,
				04B946E7289F967E00BF5CFE /* Products */,
			);
			sourceTree = "<group>";
		};
		04B946E7289F967E00BF5CFE /* Products */ = {
			isa = PBXGroup;
			children = (
				04B946E6289F967E00BF5CFE /* POCForSetup.app */,
			);
			name = Products;
			sourceTree = "<group>";
		};
		04B946E8289F967E00BF5CFE /* POCForSetup */ = {
			isa = PBXGroup;
			children = (
				04B946FE289F969C00BF5CFE /* AppLifeCycle */,
				04B9472F289FC6CA00BF5CFE /* Model */,
				04B94709289F976300BF5CFE /* Network */,
				04B946FF289F96A800BF5CFE /* Resources */,
				04B94701289F971500BF5CFE /* Storyboard */,
				04B94734289FC6CA00BF5CFE /* Utilities */,
				04B94702289F972400BF5CFE /* View */,
			);
			path = POCForSetup;
			sourceTree = "<group>";
		};
		04B946FE289F969C00BF5CFE /* AppLifeCycle */ = {
			isa = PBXGroup;
			children = (
				04B946E9289F967E00BF5CFE /* AppDelegate.swift */,
				04B946EB289F967E00BF5CFE /* SceneDelegate.swift */,
			);
			path = AppLifeCycle;
			sourceTree = "<group>";
		};
		04B946FF289F96A800BF5CFE /* Resources */ = {
			isa = PBXGroup;
			children = (
				04B9474F289FC7D600BF5CFE /* Color.xcassets */,
				04B94750289FC7D600BF5CFE /* Font */,
				04B9474E289FC7D600BF5CFE /* TextColor.xcassets */,
				04B946F7289F967F00BF5CFE /* Info.plist */,
				04B946F2289F967F00BF5CFE /* Assets.xcassets */,
			);
			path = Resources;
			sourceTree = "<group>";
		};
		04B94701289F971500BF5CFE /* Storyboard */ = {
			isa = PBXGroup;
			children = (
				04B946EF289F967E00BF5CFE /* Main.storyboard */,
				04B946F4289F967F00BF5CFE /* LaunchScreen.storyboard */,
			);
			path = Storyboard;
			sourceTree = "<group>";
		};
		04B94702289F972400BF5CFE /* View */ = {
			isa = PBXGroup;
			children = (
				04B946ED289F967E00BF5CFE /* ViewController.swift */,
				04B94703289F973300BF5CFE /* Splash */,
			);
			path = View;
			sourceTree = "<group>";
		};
		04B94703289F973300BF5CFE /* Splash */ = {
			isa = PBXGroup;
			children = (
				04B94704289F974C00BF5CFE /* SplashViewController.swift */,
				04B94705289F974C00BF5CFE /* SplashViewController.xib */,
			);
			path = Splash;
			sourceTree = "<group>";
		};
		04B94709289F976300BF5CFE /* Network */ = {
			isa = PBXGroup;
			children = (
				04B9471D289FB7A700BF5CFE /* Base */,
				04B94714289FB6B400BF5CFE /* HomeDetail */,
			);
			path = Network;
			sourceTree = "<group>";
		};
		04B94714289FB6B400BF5CFE /* HomeDetail */ = {
			isa = PBXGroup;
			children = (
				04B94716289FB6FD00BF5CFE /* HomeDetailPath.swift */,
				04B9471A289FB72C00BF5CFE /* HomeDetailRepository.swift */,
			);
			path = HomeDetail;
			sourceTree = "<group>";
		};
		04B9471D289FB7A700BF5CFE /* Base */ = {
			isa = PBXGroup;
			children = (
				04B9471E289FB7BF00BF5CFE /* BaseRepository.swift */,
			);
			path = Base;
			sourceTree = "<group>";
		};
		04B9472F289FC6CA00BF5CFE /* Model */ = {
			isa = PBXGroup;
			children = (
				04B94730289FC6CA00BF5CFE /* AppLocalParameters */,
				04B94731289FC6CA00BF5CFE /* Response */,
				04B94732289FC6CA00BF5CFE /* Enum */,
				04B94733289FC6CA00BF5CFE /* Request */,
			);
			path = Model;
			sourceTree = "<group>";
		};
		04B94730289FC6CA00BF5CFE /* AppLocalParameters */ = {
			isa = PBXGroup;
			children = (
				04B9473C289FC75400BF5CFE /* HomeParameter.swift */,
			);
			path = AppLocalParameters;
			sourceTree = "<group>";
		};
		04B94731289FC6CA00BF5CFE /* Response */ = {
			isa = PBXGroup;
			children = (
				04B94738289FC74400BF5CFE /* HomeResponse.swift */,
			);
			path = Response;
			sourceTree = "<group>";
		};
		04B94732289FC6CA00BF5CFE /* Enum */ = {
			isa = PBXGroup;
			children = (
				04B9473F289FC76100BF5CFE /* HomeEnum.swift */,
			);
			path = Enum;
			sourceTree = "<group>";
		};
		04B94733289FC6CA00BF5CFE /* Request */ = {
			isa = PBXGroup;
			children = (
				04B94742289FC76A00BF5CFE /* HomeRequest.swift */,
			);
			path = Request;
			sourceTree = "<group>";
		};
		04B94734289FC6CA00BF5CFE /* Utilities */ = {
			isa = PBXGroup;
			children = (
				04B94735289FC6CA00BF5CFE /* Extension */,
				04B94736289FC6CA00BF5CFE /* Manager */,
				04B94737289FC6CA00BF5CFE /* CustomView */,
			);
			path = Utilities;
			sourceTree = "<group>";
		};
		04B94735289FC6CA00BF5CFE /* Extension */ = {
			isa = PBXGroup;
			children = (
				04B94745289FC78800BF5CFE /* Extension.swift */,
			);
			path = Extension;
			sourceTree = "<group>";
		};
		04B94736289FC6CA00BF5CFE /* Manager */ = {
			isa = PBXGroup;
			children = (
				04B94748289FC79100BF5CFE /* Manager.swift */,
			);
			path = Manager;
			sourceTree = "<group>";
		};
		04B94737289FC6CA00BF5CFE /* CustomView */ = {
			isa = PBXGroup;
			children = (
				04B9474B289FC79C00BF5CFE /* CustomView.swift */,
			);
			path = CustomView;
			sourceTree = "<group>";
		};
		04B94750289FC7D600BF5CFE /* Font */ = {
			isa = PBXGroup;
			children = (
				04B94754289FC7E000BF5CFE /* Font.swift */,
			);
			path = Font;
			sourceTree = "<group>";
		};
/* End PBXGroup section */

/* Begin PBXNativeTarget section */
		04B946E5289F967E00BF5CFE /* POCForSetup */ = {
			isa = PBXNativeTarget;
			buildConfigurationList = 04B946FA289F967F00BF5CFE /* Build configuration list for PBXNativeTarget "POCForSetup" */;
			buildPhases = (
				04B946E2289F967E00BF5CFE /* Sources */,
				04B946E3289F967E00BF5CFE /* Frameworks */,
				04B946E4289F967E00BF5CFE /* Resources */,
			);
			buildRules = (
			);
			dependencies = (
			);
			name = POCForSetup;
			productName = POCForSetup;
			productReference = 04B946E6289F967E00BF5CFE /* POCForSetup.app */;
			productType = "com.apple.product-type.application";
		};
/* End PBXNativeTarget section */

/* Begin PBXProject section */
		04B946DE289F967E00BF5CFE /* Project object */ = {
			isa = PBXProject;
			attributes = {
				LastSwiftUpdateCheck = 1220;
				LastUpgradeCheck = 1220;
				TargetAttributes = {
					04B946E5289F967E00BF5CFE = {
						CreatedOnToolsVersion = 12.2;
					};
				};
			};
			buildConfigurationList = 04B946E1289F967E00BF5CFE /* Build configuration list for PBXProject "POCForSetup" */;
			compatibilityVersion = "Xcode 9.3";
			developmentRegion = en;
			hasScannedForEncodings = 0;
			knownRegions = (
				en,
				Base,
			);
			mainGroup = 04B946DD289F967E00BF5CFE;
			productRefGroup = 04B946E7289F967E00BF5CFE /* Products */;
			projectDirPath = "";
			projectRoot = "";
			targets = (
				04B946E5289F967E00BF5CFE /* POCForSetup */,
			);
		};
/* End PBXProject section */

/* Begin PBXResourcesBuildPhase section */
		04B946E4289F967E00BF5CFE /* Resources */ = {
			isa = PBXResourcesBuildPhase;
			buildActionMask = 2147483647;
			files = (
				04B946F6289F967F00BF5CFE /* LaunchScreen.storyboard in Resources */,
				04B946F3289F967F00BF5CFE /* Assets.xcassets in Resources */,
				04B946F1289F967E00BF5CFE /* Main.storyboard in Resources */,
				04B94751289FC7D600BF5CFE /* TextColor.xcassets in Resources */,
				04B94707289F974C00BF5CFE /* SplashViewController.xib in Resources */,
				04B94752289FC7D600BF5CFE /* Color.xcassets in Resources */,
			);
			runOnlyForDeploymentPostprocessing = 0;
		};
/* End PBXResourcesBuildPhase section */

/* Begin PBXSourcesBuildPhase section */
		04B946E2289F967E00BF5CFE /* Sources */ = {
			isa = PBXSourcesBuildPhase;
			buildActionMask = 2147483647;
			files = (
				04B946EE289F967E00BF5CFE /* ViewController.swift in Sources */,
				04B9471F289FB7BF00BF5CFE /* BaseRepository.swift in Sources */,
				04B94755289FC7E000BF5CFE /* Font.swift in Sources */,
				04B9473D289FC75400BF5CFE /* HomeParameter.swift in Sources */,
				04B9474C289FC79C00BF5CFE /* CustomView.swift in Sources */,
				04B94746289FC78800BF5CFE /* Extension.swift in Sources */,
				04B946EA289F967E00BF5CFE /* AppDelegate.swift in Sources */,
				04B94743289FC76A00BF5CFE /* HomeRequest.swift in Sources */,
				04B946EC289F967E00BF5CFE /* SceneDelegate.swift in Sources */,
				04B94749289FC79100BF5CFE /* Manager.swift in Sources */,
				04B94740289FC76100BF5CFE /* HomeEnum.swift in Sources */,
				04B94717289FB6FD00BF5CFE /* HomeDetailPath.swift in Sources */,
				04B94739289FC74400BF5CFE /* HomeResponse.swift in Sources */,
				04B94706289F974C00BF5CFE /* SplashViewController.swift in Sources */,
				04B9471B289FB72C00BF5CFE /* HomeDetailRepository.swift in Sources */,
			);
			runOnlyForDeploymentPostprocessing = 0;
		};
/* End PBXSourcesBuildPhase section */

/* Begin PBXVariantGroup section */
		04B946EF289F967E00BF5CFE /* Main.storyboard */ = {
			isa = PBXVariantGroup;
			children = (
				04B946F0289F967E00BF5CFE /* Base */,
			);
			name = Main.storyboard;
			sourceTree = "<group>";
		};
		04B946F4289F967F00BF5CFE /* LaunchScreen.storyboard */ = {
			isa = PBXVariantGroup;
			children = (
				04B946F5289F967F00BF5CFE /* Base */,
			);
			name = LaunchScreen.storyboard;
			sourceTree = "<group>";
		};
/* End PBXVariantGroup section */

/* Begin XCBuildConfiguration section */
		04B946F8289F967F00BF5CFE /* Debug */ = {
			isa = XCBuildConfiguration;
			buildSettings = {
				ALWAYS_SEARCH_USER_PATHS = NO;
				CLANG_ANALYZER_NONNULL = YES;
				CLANG_ANALYZER_NUMBER_OBJECT_CONVERSION = YES_AGGRESSIVE;
				CLANG_CXX_LANGUAGE_STANDARD = "gnu++14";
				CLANG_CXX_LIBRARY = "libc++";
				CLANG_ENABLE_MODULES = YES;
				CLANG_ENABLE_OBJC_ARC = YES;
				CLANG_ENABLE_OBJC_WEAK = YES;
				CLANG_WARN_BLOCK_CAPTURE_AUTORELEASING = YES;
				CLANG_WARN_BOOL_CONVERSION = YES;
				CLANG_WARN_COMMA = YES;
				CLANG_WARN_CONSTANT_CONVERSION = YES;
				CLANG_WARN_DEPRECATED_OBJC_IMPLEMENTATIONS = YES;
				CLANG_WARN_DIRECT_OBJC_ISA_USAGE = YES_ERROR;
				CLANG_WARN_DOCUMENTATION_COMMENTS = YES;
				CLANG_WARN_EMPTY_BODY = YES;
				CLANG_WARN_ENUM_CONVERSION = YES;
				CLANG_WARN_INFINITE_RECURSION = YES;
				CLANG_WARN_INT_CONVERSION = YES;
				CLANG_WARN_NON_LITERAL_NULL_CONVERSION = YES;
				CLANG_WARN_OBJC_IMPLICIT_RETAIN_SELF = YES;
				CLANG_WARN_OBJC_LITERAL_CONVERSION = YES;
				CLANG_WARN_OBJC_ROOT_CLASS = YES_ERROR;
				CLANG_WARN_QUOTED_INCLUDE_IN_FRAMEWORK_HEADER = YES;
				CLANG_WARN_RANGE_LOOP_ANALYSIS = YES;
				CLANG_WARN_STRICT_PROTOTYPES = YES;
				CLANG_WARN_SUSPICIOUS_MOVE = YES;
				CLANG_WARN_UNGUARDED_AVAILABILITY = YES_AGGRESSIVE;
				CLANG_WARN_UNREACHABLE_CODE = YES;
				CLANG_WARN__DUPLICATE_METHOD_MATCH = YES;
				COPY_PHASE_STRIP = NO;
				DEBUG_INFORMATION_FORMAT = dwarf;
				ENABLE_STRICT_OBJC_MSGSEND = YES;
				ENABLE_TESTABILITY = YES;
				GCC_C_LANGUAGE_STANDARD = gnu11;
				GCC_DYNAMIC_NO_PIC = NO;
				GCC_NO_COMMON_BLOCKS = YES;
				GCC_OPTIMIZATION_LEVEL = 0;
				GCC_PREPROCESSOR_DEFINITIONS = (
					"DEBUG=1",
					"$(inherited)",
				);
				GCC_WARN_64_TO_32_BIT_CONVERSION = YES;
				GCC_WARN_ABOUT_RETURN_TYPE = YES_ERROR;
				GCC_WARN_UNDECLARED_SELECTOR = YES;
				GCC_WARN_UNINITIALIZED_AUTOS = YES_AGGRESSIVE;
				GCC_WARN_UNUSED_FUNCTION = YES;
				GCC_WARN_UNUSED_VARIABLE = YES;
				IPHONEOS_DEPLOYMENT_TARGET = 14.2;
				MTL_ENABLE_DEBUG_INFO = INCLUDE_SOURCE;
				MTL_FAST_MATH = YES;
				ONLY_ACTIVE_ARCH = YES;
				SDKROOT = iphoneos;
				SWIFT_ACTIVE_COMPILATION_CONDITIONS = DEBUG;
				SWIFT_OPTIMIZATION_LEVEL = "-Onone";
			};
			name = Debug;
		};
		04B946F9289F967F00BF5CFE /* Release */ = {
			isa = XCBuildConfiguration;
			buildSettings = {
				ALWAYS_SEARCH_USER_PATHS = NO;
				CLANG_ANALYZER_NONNULL = YES;
				CLANG_ANALYZER_NUMBER_OBJECT_CONVERSION = YES_AGGRESSIVE;
				CLANG_CXX_LANGUAGE_STANDARD = "gnu++14";
				CLANG_CXX_LIBRARY = "libc++";
				CLANG_ENABLE_MODULES = YES;
				CLANG_ENABLE_OBJC_ARC = YES;
				CLANG_ENABLE_OBJC_WEAK = YES;
				CLANG_WARN_BLOCK_CAPTURE_AUTORELEASING = YES;
				CLANG_WARN_BOOL_CONVERSION = YES;
				CLANG_WARN_COMMA = YES;
				CLANG_WARN_CONSTANT_CONVERSION = YES;
				CLANG_WARN_DEPRECATED_OBJC_IMPLEMENTATIONS = YES;
				CLANG_WARN_DIRECT_OBJC_ISA_USAGE = YES_ERROR;
				CLANG_WARN_DOCUMENTATION_COMMENTS = YES;
				CLANG_WARN_EMPTY_BODY = YES;
				CLANG_WARN_ENUM_CONVERSION = YES;
				CLANG_WARN_INFINITE_RECURSION = YES;
				CLANG_WARN_INT_CONVERSION = YES;
				CLANG_WARN_NON_LITERAL_NULL_CONVERSION = YES;
				CLANG_WARN_OBJC_IMPLICIT_RETAIN_SELF = YES;
				CLANG_WARN_OBJC_LITERAL_CONVERSION = YES;
				CLANG_WARN_OBJC_ROOT_CLASS = YES_ERROR;
				CLANG_WARN_QUOTED_INCLUDE_IN_FRAMEWORK_HEADER = YES;
				CLANG_WARN_RANGE_LOOP_ANALYSIS = YES;
				CLANG_WARN_STRICT_PROTOTYPES = YES;
				CLANG_WARN_SUSPICIOUS_MOVE = YES;
				CLANG_WARN_UNGUARDED_AVAILABILITY = YES_AGGRESSIVE;
				CLANG_WARN_UNREACHABLE_CODE = YES;
				CLANG_WARN__DUPLICATE_METHOD_MATCH = YES;
				COPY_PHASE_STRIP = NO;
				DEBUG_INFORMATION_FORMAT = "dwarf-with-dsym";
				ENABLE_NS_ASSERTIONS = NO;
				ENABLE_STRICT_OBJC_MSGSEND = YES;
				GCC_C_LANGUAGE_STANDARD = gnu11;
				GCC_NO_COMMON_BLOCKS = YES;
				GCC_WARN_64_TO_32_BIT_CONVERSION = YES;
				GCC_WARN_ABOUT_RETURN_TYPE = YES_ERROR;
				GCC_WARN_UNDECLARED_SELECTOR = YES;
				GCC_WARN_UNINITIALIZED_AUTOS = YES_AGGRESSIVE;
				GCC_WARN_UNUSED_FUNCTION = YES;
				GCC_WARN_UNUSED_VARIABLE = YES;
				IPHONEOS_DEPLOYMENT_TARGET = 14.2;
				MTL_ENABLE_DEBUG_INFO = NO;
				MTL_FAST_MATH = YES;
				SDKROOT = iphoneos;
				SWIFT_COMPILATION_MODE = wholemodule;
				SWIFT_OPTIMIZATION_LEVEL = "-O";
				VALIDATE_PRODUCT = YES;
			};
			name = Release;
		};
		04B946FB289F967F00BF5CFE /* Debug */ = {
			isa = XCBuildConfiguration;
			buildSettings = {
				ASSETCATALOG_COMPILER_APPICON_NAME = AppIcon;
				ASSETCATALOG_COMPILER_GLOBAL_ACCENT_COLOR_NAME = AccentColor;
				CODE_SIGN_STYLE = Automatic;
				INFOPLIST_FILE = POCForSetup/Resources/Info.plist;
				IPHONEOS_DEPLOYMENT_TARGET = 13.0;
				LD_RUNPATH_SEARCH_PATHS = (
					"$(inherited)",
					"@executable_path/Frameworks",
				);
				PRODUCT_BUNDLE_IDENTIFIER = it.com.POCForSetup;
				PRODUCT_NAME = "$(TARGET_NAME)";
				SWIFT_VERSION = 5.0;
				TARGETED_DEVICE_FAMILY = 1;
			};
			name = Debug;
		};
		04B946FC289F967F00BF5CFE /* Release */ = {
			isa = XCBuildConfiguration;
			buildSettings = {
				ASSETCATALOG_COMPILER_APPICON_NAME = AppIcon;
				ASSETCATALOG_COMPILER_GLOBAL_ACCENT_COLOR_NAME = AccentColor;
				CODE_SIGN_STYLE = Automatic;
				INFOPLIST_FILE = POCForSetup/Resources/Info.plist;
				IPHONEOS_DEPLOYMENT_TARGET = 13.0;
				LD_RUNPATH_SEARCH_PATHS = (
					"$(inherited)",
					"@executable_path/Frameworks",
				);
				PRODUCT_BUNDLE_IDENTIFIER = it.com.POCForSetup;
				PRODUCT_NAME = "$(TARGET_NAME)";
				SWIFT_VERSION = 5.0;
				TARGETED_DEVICE_FAMILY = 1;
			};
			name = Release;
		};
/* End XCBuildConfiguration section */

/* Begin XCConfigurationList section */
		04B946E1289F967E00BF5CFE /* Build configuration list for PBXProject "POCForSetup" */ = {
			isa = XCConfigurationList;
			buildConfigurations = (
				04B946F8289F967F00BF5CFE /* Debug */,
				04B946F9289F967F00BF5CFE /* Release */,
			);
			defaultConfigurationIsVisible = 0;
			defaultConfigurationName = Release;
		};
		04B946FA289F967F00BF5CFE /* Build configuration list for PBXNativeTarget "POCForSetup" */ = {
			isa = XCConfigurationList;
			buildConfigurations = (
				04B946FB289F967F00BF5CFE /* Debug */,
				04B946FC289F967F00BF5CFE /* Release */,
			);
			defaultConfigurationIsVisible = 0;
			defaultConfigurationName = Release;
		};
/* End XCConfigurationList section */
	};
	rootObject = 04B946DE289F967E00BF5CFE /* Project object */;
}
